
Microsoft Visual Studio Solution File, Format Version 12.00
# Visual Studio Version 16
VisualStudioVersion = 16.0.31829.152
MinimumVisualStudioVersion = 10.0.40219.1
Project("{FAE04EC0-301F-11D3-BF4B-00C04F79EFBC}") = "vs2019rk", "vs2019rk\vs2019rk.csproj", "{A541FFBB-D367-4C8A-80B0-8FC5411867BB}"
EndProject
Global
	GlobalSection(SolutionConfigurationPlatforms) = preSolution
		Debug|Any CPU = Debug|Any CPU
		Release|Any CPU = Release|Any CPU
	EndGlobalSection
	GlobalSection(ProjectConfigurationPlatforms) = postSolution
		{A541FFBB-D367-4C8A-80B0-8FC5411867BB}.Debug|Any CPU.ActiveCfg = Debug|Any CPU
		{A541FFBB-D367-4C8A-80B0-8FC5411867BB}.Debug|Any CPU.Build.0 = Debug|Any CPU
		{A541FFBB-D367-4C8A-80B0-8FC5411867BB}.Release|Any CPU.ActiveCfg = Release|Any CPU
		{A541FFBB-D367-4C8A-80B0-8FC5411867BB}.Release|Any CPU.Build.0 = Release|Any CPU
	EndGlobalSection
	GlobalSection(SolutionProperties) = preSolution
		HideSolutionNode = FALSE
	EndGlobalSection
	GlobalSection(ExtensibilityGlobals) = postSolution
		SolutionGuid = {FBE9A98E-CEB6-4A80-978B-AC6ED5FEFA32}
	EndGlobalSection
EndGlobal
